
Microsoft Visual Studio Solution File, Format Version 12.00
# Visual Studio Version 17
VisualStudioVersion = 17.13.35806.99 d17.13
MinimumVisualStudioVersion = 10.0.40219.1
Project("{8BC9CEB8-8B4A-11D0-8D11-00A0C91BC942}") = "Main", "Main\Main.vcxproj", "{AC77C3C0-A238-4A84-A908-F7497C9D2218}"
EndProject
Project("{8BC9CEB8-8B4A-11D0-8D11-00A0C91BC942}") = "Creator", "Creator\Creator.vcxproj", "{C93243D1-EF52-4CCD-833A-867987AFF78E}"
EndProject
Project("{8BC9CEB8-8B4A-11D0-8D11-00A0C91BC942}") = "Reporter", "Reporter\Reporter.vcxproj", "{50E83158-4427-4B66-BBDE-24E6B754B099}"
EndProject
Global
	GlobalSection(SolutionConfigurationPlatforms) = preSolution
		Debug|x64 = Debug|x64
		Debug|x86 = Debug|x86
		Release|x64 = Release|x64
		Release|x86 = Release|x86
	EndGlobalSection
	GlobalSection(ProjectConfigurationPlatforms) = postSolution
		{AC77C3C0-A238-4A84-A908-F7497C9D2218}.Debug|x64.ActiveCfg = Debug|x64
		{AC77C3C0-A238-4A84-A908-F7497C9D2218}.Debug|x64.Build.0 = Debug|x64
		{AC77C3C0-A238-4A84-A908-F7497C9D2218}.Debug|x86.ActiveCfg = Debug|Win32
		{AC77C3C0-A238-4A84-A908-F7497C9D2218}.Debug|x86.Build.0 = Debug|Win32
		{AC77C3C0-A238-4A84-A908-F7497C9D2218}.Release|x64.ActiveCfg = Release|x64
		{AC77C3C0-A238-4A84-A908-F7497C9D2218}.Release|x64.Build.0 = Release|x64
		{AC77C3C0-A238-4A84-A908-F7497C9D2218}.Release|x86.ActiveCfg = Release|Win32
		{AC77C3C0-A238-4A84-A908-F7497C9D2218}.Release|x86.Build.0 = Release|Win32
		{C93243D1-EF52-4CCD-833A-867987AFF78E}.Debug|x64.ActiveCfg = Debug|x64
		{C93243D1-EF52-4CCD-833A-867987AFF78E}.Debug|x64.Build.0 = Debug|x64
		{C93243D1-EF52-4CCD-833A-867987AFF78E}.Debug|x86.ActiveCfg = Debug|Win32
		{C93243D1-EF52-4CCD-833A-867987AFF78E}.Debug|x86.Build.0 = Debug|Win32
		{C93243D1-EF52-4CCD-833A-867987AFF78E}.Release|x64.ActiveCfg = Release|x64
		{C93243D1-EF52-4CCD-833A-867987AFF78E}.Release|x64.Build.0 = Release|x64
		{C93243D1-EF52-4CCD-833A-867987AFF78E}.Release|x86.ActiveCfg = Release|Win32
		{C93243D1-EF52-4CCD-833A-867987AFF78E}.Release|x86.Build.0 = Release|Win32
		{50E83158-4427-4B66-BBDE-24E6B754B099}.Debug|x64.ActiveCfg = Debug|x64
		{50E83158-4427-4B66-BBDE-24E6B754B099}.Debug|x64.Build.0 = Debug|x64
		{50E83158-4427-4B66-BBDE-24E6B754B099}.Debug|x86.ActiveCfg = Debug|Win32
		{50E83158-4427-4B66-BBDE-24E6B754B099}.Debug|x86.Build.0 = Debug|Win32
		{50E83158-4427-4B66-BBDE-24E6B754B099}.Release|x64.ActiveCfg = Release|x64
		{50E83158-4427-4B66-BBDE-24E6B754B099}.Release|x64.Build.0 = Release|x64
		{50E83158-4427-4B66-BBDE-24E6B754B099}.Release|x86.ActiveCfg = Release|Win32
		{50E83158-4427-4B66-BBDE-24E6B754B099}.Release|x86.Build.0 = Release|Win32
	EndGlobalSection
	GlobalSection(SolutionProperties) = preSolution
		HideSolutionNode = FALSE
	EndGlobalSection
	GlobalSection(ExtensibilityGlobals) = postSolution
		SolutionGuid = {A83D930C-E1A4-4B2F-8DD5-98695F7AE187}
	EndGlobalSection
EndGlobal
